
Microsoft Visual Studio Solution File, Format Version 12.00
# Visual Studio Version 17
VisualStudioVersion = 17.11.35327.3
MinimumVisualStudioVersion = 10.0.40219.1
Project("{FAE04EC0-301F-11D3-BF4B-00C04F79EFBC}") = "testproject", "testproject\testproject.csproj", "{8DB48D76-56AF-49F2-B9A4-7CE0B97A7A2F}"
EndProject
Project("{FAE04EC0-301F-11D3-BF4B-00C04F79EFBC}") = "koreshenger", "koreshenger\koreshenger.csproj", "{B76BF14C-4E05-475F-A786-596D44271FD9}"
EndProject
Project("{FAE04EC0-301F-11D3-BF4B-00C04F79EFBC}") = "korhenger_test", "korhenger_test\korhenger_test.csproj", "{F3C22403-FB82-47AC-AA96-429600AF6663}"
EndProject
Project("{FAE04EC0-301F-11D3-BF4B-00C04F79EFBC}") = "Atvalt", "Atvalt\Atvalt.csproj", "{36DDE3BC-1033-4598-965A-70913724FF9D}"
EndProject
Project("{FAE04EC0-301F-11D3-BF4B-00C04F79EFBC}") = "Altvalt_Unittest", "Altvalt_Unittest\Altvalt_Unittest.csproj", "{14D15325-2E82-4B4C-945A-0213D0A45834}"
EndProject
Project("{FAE04EC0-301F-11D3-BF4B-00C04F79EFBC}") = "KorTDD", "KorTDD\KorTDD.csproj", "{F042D3D7-D61B-442A-B3CD-BEDCBC0500DA}"
EndProject
Global
	GlobalSection(SolutionConfigurationPlatforms) = preSolution
		Debug|Any CPU = Debug|Any CPU
		Release|Any CPU = Release|Any CPU
	EndGlobalSection
	GlobalSection(ProjectConfigurationPlatforms) = postSolution
		{8DB48D76-56AF-49F2-B9A4-7CE0B97A7A2F}.Debug|Any CPU.ActiveCfg = Debug|Any CPU
		{8DB48D76-56AF-49F2-B9A4-7CE0B97A7A2F}.Debug|Any CPU.Build.0 = Debug|Any CPU
		{8DB48D76-56AF-49F2-B9A4-7CE0B97A7A2F}.Release|Any CPU.ActiveCfg = Release|Any CPU
		{8DB48D76-56AF-49F2-B9A4-7CE0B97A7A2F}.Release|Any CPU.Build.0 = Release|Any CPU
		{B76BF14C-4E05-475F-A786-596D44271FD9}.Debug|Any CPU.ActiveCfg = Debug|Any CPU
		{B76BF14C-4E05-475F-A786-596D44271FD9}.Debug|Any CPU.Build.0 = Debug|Any CPU
		{B76BF14C-4E05-475F-A786-596D44271FD9}.Release|Any CPU.ActiveCfg = Release|Any CPU
		{B76BF14C-4E05-475F-A786-596D44271FD9}.Release|Any CPU.Build.0 = Release|Any CPU
		{F3C22403-FB82-47AC-AA96-429600AF6663}.Debug|Any CPU.ActiveCfg = Debug|Any CPU
		{F3C22403-FB82-47AC-AA96-429600AF6663}.Debug|Any CPU.Build.0 = Debug|Any CPU
		{F3C22403-FB82-47AC-AA96-429600AF6663}.Release|Any CPU.ActiveCfg = Release|Any CPU
		{F3C22403-FB82-47AC-AA96-429600AF6663}.Release|Any CPU.Build.0 = Release|Any CPU
		{36DDE3BC-1033-4598-965A-70913724FF9D}.Debug|Any CPU.ActiveCfg = Debug|Any CPU
		{36DDE3BC-1033-4598-965A-70913724FF9D}.Debug|Any CPU.Build.0 = Debug|Any CPU
		{36DDE3BC-1033-4598-965A-70913724FF9D}.Release|Any CPU.ActiveCfg = Release|Any CPU
		{36DDE3BC-1033-4598-965A-70913724FF9D}.Release|Any CPU.Build.0 = Release|Any CPU
		{14D15325-2E82-4B4C-945A-0213D0A45834}.Debug|Any CPU.ActiveCfg = Debug|Any CPU
		{14D15325-2E82-4B4C-945A-0213D0A45834}.Debug|Any CPU.Build.0 = Debug|Any CPU
		{14D15325-2E82-4B4C-945A-0213D0A45834}.Release|Any CPU.ActiveCfg = Release|Any CPU
		{14D15325-2E82-4B4C-945A-0213D0A45834}.Release|Any CPU.Build.0 = Release|Any CPU
		{F042D3D7-D61B-442A-B3CD-BEDCBC0500DA}.Debug|Any CPU.ActiveCfg = Debug|Any CPU
		{F042D3D7-D61B-442A-B3CD-BEDCBC0500DA}.Debug|Any CPU.Build.0 = Debug|Any CPU
		{F042D3D7-D61B-442A-B3CD-BEDCBC0500DA}.Release|Any CPU.ActiveCfg = Release|Any CPU
		{F042D3D7-D61B-442A-B3CD-BEDCBC0500DA}.Release|Any CPU.Build.0 = Release|Any CPU
	EndGlobalSection
	GlobalSection(SolutionProperties) = preSolution
		HideSolutionNode = FALSE
	EndGlobalSection
	GlobalSection(ExtensibilityGlobals) = postSolution
		SolutionGuid = {CDEBC2E7-38AD-4873-8625-A359827D615C}
	EndGlobalSection
EndGlobal
